
Microsoft Visual Studio Solution File, Format Version 12.00
# Visual Studio Version 17
VisualStudioVersion = 17.5.002.0
MinimumVisualStudioVersion = 10.0.40219.1
Project("{9A19103F-16F7-4668-BE54-9A1E7A4F7556}") = "Simple Interface for Keyboard Splitter", "Simple Interface for Keyboard Splitter.csproj", "{1D1271E9-F683-4194-9B30-718D4A962F5A}"
EndProject
Global
	GlobalSection(SolutionConfigurationPlatforms) = preSolution
		Debug|Any CPU = Debug|Any CPU
		Release|Any CPU = Release|Any CPU
	EndGlobalSection
	GlobalSection(ProjectConfigurationPlatforms) = postSolution
		{1D1271E9-F683-4194-9B30-718D4A962F5A}.Debug|Any CPU.ActiveCfg = Debug|Any CPU
		{1D1271E9-F683-4194-9B30-718D4A962F5A}.Debug|Any CPU.Build.0 = Debug|Any CPU
		{1D1271E9-F683-4194-9B30-718D4A962F5A}.Release|Any CPU.ActiveCfg = Release|Any CPU
		{1D1271E9-F683-4194-9B30-718D4A962F5A}.Release|Any CPU.Build.0 = Release|Any CPU
	EndGlobalSection
	GlobalSection(SolutionProperties) = preSolution
		HideSolutionNode = FALSE
	EndGlobalSection
	GlobalSection(ExtensibilityGlobals) = postSolution
		SolutionGuid = {76B4C6DD-6EAC-4C2E-A172-C97980620C06}
	EndGlobalSection
EndGlobal
